{
  "nodes": {
    "flake-parts": {
      "inputs": {
        "nixpkgs-lib": [
          "toofan",
          "nixpkgs"
        ]
      },
      "locked": {
        "lastModified": 1782949081,
        "narHash": "sha256-vp6Y/Grm98ESt6ceOkWiHWyZRDV3J1RID4w+6NWK9yA=",
        "owner": "hercules-ci",
        "repo": "flake-parts",
        "rev": "17c9d6cdfc60c64f4ee8d306f9bc0b4ccb51481e",
        "type": "github"
      },
      "original": {
        "owner": "hercules-ci",
        "repo": "flake-parts",
        "type": "github"
      }
    },
    "home-manager": {
      "inputs": {
        "nixpkgs": [
          "nixpkgs"
        ]
      },
      "locked": {
        "lastModified": 1790742243,
        "narHash": "sha256-kaNo6xHiL31AbNNEreG0OTKf4j6Cxlo5bPawjX7lnbQ=",
        "owner": "nix-community",
        "repo": "home-manager",
        "rev": "e5fcd298a00f08b6e8390baf04aa8edb62203070",
        "type": "github"
      },
      "original": {
        "owner": "nix-community",
        "ref": "release-26.05",
        "repo": "home-manager",
        "type": "github"
      }
    },
    "nixpkgs": {
      "locked": {
        "lastModified": 1790635395,
        "narHash": "sha256-bNyvoIyOCu7lzoCpWKWGIsHpTtERUWzqYWFPlN++WTw=",
        "owner": "nixos",
        "repo": "nixpkgs",
        "rev": "7fc6f2c20af09cdcaf48b92ec3121860139ec668",
        "type": "github"
      },
      "original": {
        "owner": "nixos",
        "ref": "nixos-26.05",
        "repo": "nixpkgs",
        "type": "github"
      }
    },
    "root": {
      "inputs": {
        "home-manager": "home-manager",
        "nixpkgs": "nixpkgs",
        "toofan": "toofan"
      }
    },
    "toofan": {
      "inputs": {
        "flake-parts": "flake-parts",
        "nixpkgs": [
          "nixpkgs"
        ]
      },
      "locked": {
        "lastModified": 1786036195,
        "narHash": "sha256-xvPhzV9Ba7yOibzYpHJjcc4x5CEe8rDNdK3AC6q59OQ=",
        "owner": "vyrx-dev",
        "repo": "toofan",
        "rev": "6cda65150e1ee4562006794a0b304a8ec1c202d8",
        "type": "github"
      },
      "original": {
        "owner": "vyrx-dev",
        "repo": "toofan",
        "type": "github"
      }
    }
  },
  "root": "root",
  "version": 7
}
